{
  "originHash" : "4c37c28f4ef36e7204af38a5ed3b740c10a0b3d537a0efb640591683ff15ad84",
  "pins" : [
    {
      "identity" : "capacitor-swift-pm",
      "kind" : "remoteSourceControl",
      "location" : "https://github.com/ionic-team/capacitor-swift-pm.git",
      "state" : {
        "revision" : "6afa7424fd2fcd8ca1e577478e8a00af284b7e82",
        "version" : "8.5.1"
      }
    }
  ],
  "version" : 3
}
